
Microsoft Visual Studio Solution File, Format Version 12.00
# Visual Studio Version 17
VisualStudioVersion = 17.7.34221.43
MinimumVisualStudioVersion = 10.0.40219.1
Project("{9A19103F-16F7-4668-BE54-9A1E7A4F7556}") = "CompositeDirectory", "CompositeDirectory\CompositeDirectory.csproj", "{AD9E1F77-B838-421F-8AE5-4AD6B95E911B}"
EndProject
Project("{FAE04EC0-301F-11D3-BF4B-00C04F79EFBC}") = "CompositeEmployes", "CompositeEmployes\CompositeEmployes.csproj", "{F3E73E6D-A3A6-4FE9-8106-5B0911AC2977}"
EndProject
Global
	GlobalSection(SolutionConfigurationPlatforms) = preSolution
		Debug|Any CPU = Debug|Any CPU
		Release|Any CPU = Release|Any CPU
	EndGlobalSection
	GlobalSection(ProjectConfigurationPlatforms) = postSolution
		{AD9E1F77-B838-421F-8AE5-4AD6B95E911B}.Debug|Any CPU.ActiveCfg = Debug|Any CPU
		{AD9E1F77-B838-421F-8AE5-4AD6B95E911B}.Debug|Any CPU.Build.0 = Debug|Any CPU
		{AD9E1F77-B838-421F-8AE5-4AD6B95E911B}.Release|Any CPU.ActiveCfg = Release|Any CPU
		{AD9E1F77-B838-421F-8AE5-4AD6B95E911B}.Release|Any CPU.Build.0 = Release|Any CPU
		{F3E73E6D-A3A6-4FE9-8106-5B0911AC2977}.Debug|Any CPU.ActiveCfg = Debug|Any CPU
		{F3E73E6D-A3A6-4FE9-8106-5B0911AC2977}.Debug|Any CPU.Build.0 = Debug|Any CPU
		{F3E73E6D-A3A6-4FE9-8106-5B0911AC2977}.Release|Any CPU.ActiveCfg = Release|Any CPU
		{F3E73E6D-A3A6-4FE9-8106-5B0911AC2977}.Release|Any CPU.Build.0 = Release|Any CPU
	EndGlobalSection
	GlobalSection(SolutionProperties) = preSolution
		HideSolutionNode = FALSE
	EndGlobalSection
	GlobalSection(ExtensibilityGlobals) = postSolution
		SolutionGuid = {342A5CC1-F3F0-467D-8479-091AC54447B0}
	EndGlobalSection
EndGlobal
